
Microsoft Visual Studio Solution File, Format Version 12.00
# Visual Studio Version 17
VisualStudioVersion = 17.11.35208.52
MinimumVisualStudioVersion = 10.0.40219.1
Project("{FAE04EC0-301F-11D3-BF4B-00C04F79EFBC}") = "Store and retrieve data in C#", "Store and retrieve data in C#\Store and retrieve data in C#.csproj", "{0A868676-E679-4F31-9BDD-BC8DD1654C1D}"
EndProject
Global
	GlobalSection(SolutionConfigurationPlatforms) = preSolution
		Debug|Any CPU = Debug|Any CPU
		Release|Any CPU = Release|Any CPU
	EndGlobalSection
	GlobalSection(ProjectConfigurationPlatforms) = postSolution
		{0A868676-E679-4F31-9BDD-BC8DD1654C1D}.Debug|Any CPU.ActiveCfg = Debug|Any CPU
		{0A868676-E679-4F31-9BDD-BC8DD1654C1D}.Debug|Any CPU.Build.0 = Debug|Any CPU
		{0A868676-E679-4F31-9BDD-BC8DD1654C1D}.Release|Any CPU.ActiveCfg = Release|Any CPU
		{0A868676-E679-4F31-9BDD-BC8DD1654C1D}.Release|Any CPU.Build.0 = Release|Any CPU
	EndGlobalSection
	GlobalSection(SolutionProperties) = preSolution
		HideSolutionNode = FALSE
	EndGlobalSection
	GlobalSection(ExtensibilityGlobals) = postSolution
		SolutionGuid = {E4C44FEA-6025-48BF-ACA5-ED1E45F7A850}
	EndGlobalSection
EndGlobal
